PODS:
  - HexColors (3.0.0)
  - Masonry (0.6.3)
  - pop (1.0.9)

DEPENDENCIES:
  - HexColors (~> 3.0)
  - Masonry (~> 0.6.3)
  - pop (~> 1.0.9)

SPEC CHECKSUMS:
  HexColors: 8b83e3fe90c0d466dae7b98c9d22da95799f99cb
  Masonry: ff105a956abcd19a618b2028b121cb638d7a8e2f
  pop: f667631a5108a2e60d9e8797c9b32ddaf2080bce

PODFILE CHECKSUM: 5a1e93354faf7bcbee967ebf13cd747e64fa0637

COCOAPODS: 1.0.1
